
Microsoft Visual Studio Solution File, Format Version 12.00
# Visual Studio 15
VisualStudioVersion = 15.0.27428.2005
MinimumVisualStudioVersion = 10.0.40219.1
Project("{888888A0-9F3D-457C-B088-3A5042F75D52}") = "AbjadOCR", "AbjadOCR\AbjadOCR.pyproj", "{98670464-A8E7-41BF-BE40-BB04BA9E2A79}"
EndProject
Global
	GlobalSection(SolutionConfigurationPlatforms) = preSolution
		Debug|Any CPU = Debug|Any CPU
		Release|Any CPU = Release|Any CPU
	EndGlobalSection
	GlobalSection(ProjectConfigurationPlatforms) = postSolution
		{98670464-A8E7-41BF-BE40-BB04BA9E2A79}.Debug|Any CPU.ActiveCfg = Debug|Any CPU
		{98670464-A8E7-41BF-BE40-BB04BA9E2A79}.Release|Any CPU.ActiveCfg = Release|Any CPU
	EndGlobalSection
	GlobalSection(SolutionProperties) = preSolution
		HideSolutionNode = FALSE
	EndGlobalSection
	GlobalSection(ExtensibilityGlobals) = postSolution
		SolutionGuid = {2295F05F-8DCC-46F0-AC5A-3035AD3328D0}
	EndGlobalSection
EndGlobal
